
Microsoft Visual Studio Solution File, Format Version 12.00
# Visual Studio Version 17
VisualStudioVersion = 17.7.34221.43
MinimumVisualStudioVersion = 10.0.40219.1
Project("{FAE04EC0-301F-11D3-BF4B-00C04F79EFBC}") = "Talentia", "Talentia\Talentia.csproj", "{7E970497-4342-4157-AB4C-EC0FB4A34048}"
EndProject
Global
	GlobalSection(SolutionConfigurationPlatforms) = preSolution
		Debug|Any CPU = Debug|Any CPU
		Release|Any CPU = Release|Any CPU
	EndGlobalSection
	GlobalSection(ProjectConfigurationPlatforms) = postSolution
		{7E970497-4342-4157-AB4C-EC0FB4A34048}.Debug|Any CPU.ActiveCfg = Debug|Any CPU
		{7E970497-4342-4157-AB4C-EC0FB4A34048}.Debug|Any CPU.Build.0 = Debug|Any CPU
		{7E970497-4342-4157-AB4C-EC0FB4A34048}.Release|Any CPU.ActiveCfg = Release|Any CPU
		{7E970497-4342-4157-AB4C-EC0FB4A34048}.Release|Any CPU.Build.0 = Release|Any CPU
	EndGlobalSection
	GlobalSection(SolutionProperties) = preSolution
		HideSolutionNode = FALSE
	EndGlobalSection
	GlobalSection(ExtensibilityGlobals) = postSolution
		SolutionGuid = {C9D13EDD-6F57-48B8-BB38-12E4524020F3}
	EndGlobalSection
EndGlobal
